
Microsoft Visual Studio Solution File, Format Version 12.00
# Visual Studio 15
VisualStudioVersion = 15.0.28010.2026
MinimumVisualStudioVersion = 10.0.40219.1
Project("{FAE04EC0-301F-11D3-BF4B-00C04F79EFBC}") = "PCC-service", "PCC-service\PCC-service.csproj", "{D0B7951C-26AD-4987-85FC-2FA752D49F6C}"
EndProject
Global
	GlobalSection(SolutionConfigurationPlatforms) = preSolution
		Debug|Any CPU = Debug|Any CPU
		Release|Any CPU = Release|Any CPU
	EndGlobalSection
	GlobalSection(ProjectConfigurationPlatforms) = postSolution
		{D0B7951C-26AD-4987-85FC-2FA752D49F6C}.Debug|Any CPU.ActiveCfg = Debug|Any CPU
		{D0B7951C-26AD-4987-85FC-2FA752D49F6C}.Debug|Any CPU.Build.0 = Debug|Any CPU
		{D0B7951C-26AD-4987-85FC-2FA752D49F6C}.Release|Any CPU.ActiveCfg = Release|Any CPU
		{D0B7951C-26AD-4987-85FC-2FA752D49F6C}.Release|Any CPU.Build.0 = Release|Any CPU
	EndGlobalSection
	GlobalSection(SolutionProperties) = preSolution
		HideSolutionNode = FALSE
	EndGlobalSection
	GlobalSection(ExtensibilityGlobals) = postSolution
		SolutionGuid = {EEA496B5-AFA4-4EE1-AA14-4548800F17F4}
	EndGlobalSection
EndGlobal
